
Microsoft Visual Studio Solution File, Format Version 12.00
# Visual Studio Version 17
VisualStudioVersion = 17.9.34714.143
MinimumVisualStudioVersion = 10.0.40219.1
Project("{FAE04EC0-301F-11D3-BF4B-00C04F79EFBC}") = "HeartDisease", "HeartDisease\HeartDisease.csproj", "{DA70F764-913C-4AB1-943F-B4EC7AE6A74B}"
EndProject
Project("{FAE04EC0-301F-11D3-BF4B-00C04F79EFBC}") = "HeartDisease_DataAccess", "HeartDisease_DataAccess\HeartDisease_DataAccess.csproj", "{E99233A4-FA17-4733-8210-EC01EF43105B}"
EndProject
Project("{888888A0-9F3D-457C-B088-3A5042F75D52}") = "HeartDisease_Python", "HeartDisease_Python\HeartDisease_Python.pyproj", "{0425F994-8CD9-468A-94C9-21F7F948E850}"
EndProject
Global
	GlobalSection(SolutionConfigurationPlatforms) = preSolution
		Debug|Any CPU = Debug|Any CPU
		Release|Any CPU = Release|Any CPU
	EndGlobalSection
	GlobalSection(ProjectConfigurationPlatforms) = postSolution
		{DA70F764-913C-4AB1-943F-B4EC7AE6A74B}.Debug|Any CPU.ActiveCfg = Debug|Any CPU
		{DA70F764-913C-4AB1-943F-B4EC7AE6A74B}.Debug|Any CPU.Build.0 = Debug|Any CPU
		{DA70F764-913C-4AB1-943F-B4EC7AE6A74B}.Release|Any CPU.ActiveCfg = Release|Any CPU
		{DA70F764-913C-4AB1-943F-B4EC7AE6A74B}.Release|Any CPU.Build.0 = Release|Any CPU
		{E99233A4-FA17-4733-8210-EC01EF43105B}.Debug|Any CPU.ActiveCfg = Debug|Any CPU
		{E99233A4-FA17-4733-8210-EC01EF43105B}.Debug|Any CPU.Build.0 = Debug|Any CPU
		{E99233A4-FA17-4733-8210-EC01EF43105B}.Release|Any CPU.ActiveCfg = Release|Any CPU
		{E99233A4-FA17-4733-8210-EC01EF43105B}.Release|Any CPU.Build.0 = Release|Any CPU
		{0425F994-8CD9-468A-94C9-21F7F948E850}.Debug|Any CPU.ActiveCfg = Debug|Any CPU
		{0425F994-8CD9-468A-94C9-21F7F948E850}.Release|Any CPU.ActiveCfg = Release|Any CPU
	EndGlobalSection
	GlobalSection(SolutionProperties) = preSolution
		HideSolutionNode = FALSE
	EndGlobalSection
	GlobalSection(ExtensibilityGlobals) = postSolution
		SolutionGuid = {FC196758-34C6-41C7-B128-7521BB29DE94}
	EndGlobalSection
EndGlobal
